
Microsoft Visual Studio Solution File, Format Version 12.00
Project("{FAE04EC0-301F-11D3-BF4B-00C04F79EFBC}") = "PasswordChanger.Web", "PasswordChanger.Web\PasswordChanger.Web.csproj", "{D3E96046-DDEF-48F9-84F5-E018771676AF}"
EndProject
Project("{FAE04EC0-301F-11D3-BF4B-00C04F79EFBC}") = "PasswordChanger.Installer", "PasswordChanger.Installer\PasswordChanger.Installer.csproj", "{7C0B2ACB-3C8B-4584-A258-8F699051A911}"
EndProject
Global
	GlobalSection(SolutionConfigurationPlatforms) = preSolution
		Debug|Any CPU = Debug|Any CPU
		Release|Any CPU = Release|Any CPU
	EndGlobalSection
	GlobalSection(ProjectConfigurationPlatforms) = postSolution
		{D3E96046-DDEF-48F9-84F5-E018771676AF}.Debug|Any CPU.ActiveCfg = Debug|Any CPU
		{D3E96046-DDEF-48F9-84F5-E018771676AF}.Debug|Any CPU.Build.0 = Debug|Any CPU
		{D3E96046-DDEF-48F9-84F5-E018771676AF}.Release|Any CPU.ActiveCfg = Release|Any CPU
		{D3E96046-DDEF-48F9-84F5-E018771676AF}.Release|Any CPU.Build.0 = Release|Any CPU
		{7C0B2ACB-3C8B-4584-A258-8F699051A911}.Debug|Any CPU.ActiveCfg = Debug|Any CPU
		{7C0B2ACB-3C8B-4584-A258-8F699051A911}.Debug|Any CPU.Build.0 = Debug|Any CPU
		{7C0B2ACB-3C8B-4584-A258-8F699051A911}.Release|Any CPU.ActiveCfg = Release|Any CPU
		{7C0B2ACB-3C8B-4584-A258-8F699051A911}.Release|Any CPU.Build.0 = Release|Any CPU
	EndGlobalSection
EndGlobal
